
Microsoft Visual Studio Solution File, Format Version 12.00
# Visual Studio Version 16
VisualStudioVersion = 16.0.31129.286
MinimumVisualStudioVersion = 10.0.40219.1
Project("{FAE04EC0-301F-11D3-BF4B-00C04F79EFBC}") = "NutritionsInOut", "NutritionsInOut.csproj", "{BE41648F-3246-489A-BFF2-7D9152A508B1}"
EndProject
Global
	GlobalSection(SolutionConfigurationPlatforms) = preSolution
		Debug|Any CPU = Debug|Any CPU
		Release|Any CPU = Release|Any CPU
	EndGlobalSection
	GlobalSection(ProjectConfigurationPlatforms) = postSolution
		{BE41648F-3246-489A-BFF2-7D9152A508B1}.Debug|Any CPU.ActiveCfg = Debug|Any CPU
		{BE41648F-3246-489A-BFF2-7D9152A508B1}.Debug|Any CPU.Build.0 = Debug|Any CPU
		{BE41648F-3246-489A-BFF2-7D9152A508B1}.Release|Any CPU.ActiveCfg = Release|Any CPU
		{BE41648F-3246-489A-BFF2-7D9152A508B1}.Release|Any CPU.Build.0 = Release|Any CPU
	EndGlobalSection
	GlobalSection(SolutionProperties) = preSolution
		HideSolutionNode = FALSE
	EndGlobalSection
	GlobalSection(ExtensibilityGlobals) = postSolution
		SolutionGuid = {2BD11EE7-C81A-4EF9-81AB-4B73BAB404C1}
	EndGlobalSection
EndGlobal
